Microsoft Visual Studio Solution File, Format Version 12.00
# Visual Studio Version 17
VisualStudioVersion = 17.5.2.0
MinimumVisualStudioVersion = 10.0.40219.1
Project("{FAE04EC0-301F-11D3-BF4B-00C04F79EFBC}") = "validation-1", "validation-1.csproj", "{F3976B81-B0F6-E251-B5BB-9B07B562C7BE}"
EndProject
Global
	GlobalSection(SolutionConfigurationPlatforms) = preSolution
		Debug|Any CPU = Debug|Any CPU
		Release|Any CPU = Release|Any CPU
	EndGlobalSection
	GlobalSection(ProjectConfigurationPlatforms) = postSolution
		{F3976B81-B0F6-E251-B5BB-9B07B562C7BE}.Debug|Any CPU.ActiveCfg = Debug|Any CPU
		{F3976B81-B0F6-E251-B5BB-9B07B562C7BE}.Debug|Any CPU.Build.0 = Debug|Any CPU
		{F3976B81-B0F6-E251-B5BB-9B07B562C7BE}.Release|Any CPU.ActiveCfg = Release|Any CPU
		{F3976B81-B0F6-E251-B5BB-9B07B562C7BE}.Release|Any CPU.Build.0 = Release|Any CPU
	EndGlobalSection
	GlobalSection(SolutionProperties) = preSolution
		HideSolutionNode = FALSE
	EndGlobalSection
	GlobalSection(ExtensibilityGlobals) = postSolution
		SolutionGuid = {956BA410-4910-45D3-9AD5-4AAA7D872FDE}
	EndGlobalSection
EndGlobal
