
Microsoft Visual Studio Solution File, Format Version 12.00
# Visual Studio Version 17
VisualStudioVersion = 17.5.002.0
MinimumVisualStudioVersion = 10.0.40219.1
Project("{9A19103F-16F7-4668-BE54-9A1E7A4F7556}") = "up-target", "up-target.csproj", "{898C4D60-51BB-459F-AB0E-03ADA62B4534}"
EndProject
Global
	GlobalSection(SolutionConfigurationPlatforms) = preSolution
		Debug|Any CPU = Debug|Any CPU
		Release|Any CPU = Release|Any CPU
	EndGlobalSection
	GlobalSection(ProjectConfigurationPlatforms) = postSolution
		{898C4D60-51BB-459F-AB0E-03ADA62B4534}.Debug|Any CPU.ActiveCfg = Debug|Any CPU
		{898C4D60-51BB-459F-AB0E-03ADA62B4534}.Debug|Any CPU.Build.0 = Debug|Any CPU
		{898C4D60-51BB-459F-AB0E-03ADA62B4534}.Release|Any CPU.ActiveCfg = Release|Any CPU
		{898C4D60-51BB-459F-AB0E-03ADA62B4534}.Release|Any CPU.Build.0 = Release|Any CPU
	EndGlobalSection
	GlobalSection(SolutionProperties) = preSolution
		HideSolutionNode = FALSE
	EndGlobalSection
	GlobalSection(ExtensibilityGlobals) = postSolution
		SolutionGuid = {BC1A8F1E-80E4-48CF-953B-EFF822FF5A93}
	EndGlobalSection
EndGlobal
