
Microsoft Visual Studio Solution File, Format Version 12.00
# Visual Studio Version 17
VisualStudioVersion = 17.5.002.0
MinimumVisualStudioVersion = 10.0.40219.1
Project("{9A19103F-16F7-4668-BE54-9A1E7A4F7556}") = "hx-preserve", "hx-preserve.csproj", "{12250A32-5441-418F-8876-4ACE6AA6E7FC}"
EndProject
Global
	GlobalSection(SolutionConfigurationPlatforms) = preSolution
		Debug|Any CPU = Debug|Any CPU
		Release|Any CPU = Release|Any CPU
	EndGlobalSection
	GlobalSection(ProjectConfigurationPlatforms) = postSolution
		{12250A32-5441-418F-8876-4ACE6AA6E7FC}.Debug|Any CPU.ActiveCfg = Debug|Any CPU
		{12250A32-5441-418F-8876-4ACE6AA6E7FC}.Debug|Any CPU.Build.0 = Debug|Any CPU
		{12250A32-5441-418F-8876-4ACE6AA6E7FC}.Release|Any CPU.ActiveCfg = Release|Any CPU
		{12250A32-5441-418F-8876-4ACE6AA6E7FC}.Release|Any CPU.Build.0 = Release|Any CPU
	EndGlobalSection
	GlobalSection(SolutionProperties) = preSolution
		HideSolutionNode = FALSE
	EndGlobalSection
	GlobalSection(ExtensibilityGlobals) = postSolution
		SolutionGuid = {E26EBD7D-FC09-4103-8B1B-3064E58F8845}
	EndGlobalSection
EndGlobal
