Microsoft Visual Studio Solution File, Format Version 12.00
# Visual Studio Version 17
VisualStudioVersion = 17.5.2.0
MinimumVisualStudioVersion = 10.0.40219.1
Project("{FAE04EC0-301F-11D3-BF4B-00C04F79EFBC}") = "validation-2", "validation-2.csproj", "{2BB8C121-4760-587D-ABA0-5A5EC9D9F574}"
EndProject
Global
	GlobalSection(SolutionConfigurationPlatforms) = preSolution
		Debug|Any CPU = Debug|Any CPU
		Release|Any CPU = Release|Any CPU
	EndGlobalSection
	GlobalSection(ProjectConfigurationPlatforms) = postSolution
		{2BB8C121-4760-587D-ABA0-5A5EC9D9F574}.Debug|Any CPU.ActiveCfg = Debug|Any CPU
		{2BB8C121-4760-587D-ABA0-5A5EC9D9F574}.Debug|Any CPU.Build.0 = Debug|Any CPU
		{2BB8C121-4760-587D-ABA0-5A5EC9D9F574}.Release|Any CPU.ActiveCfg = Release|Any CPU
		{2BB8C121-4760-587D-ABA0-5A5EC9D9F574}.Release|Any CPU.Build.0 = Release|Any CPU
	EndGlobalSection
	GlobalSection(SolutionProperties) = preSolution
		HideSolutionNode = FALSE
	EndGlobalSection
	GlobalSection(ExtensibilityGlobals) = postSolution
		SolutionGuid = {295B2FCB-659B-47FE-B894-D95199AE81AE}
	EndGlobalSection
EndGlobal
