
Microsoft Visual Studio Solution File, Format Version 12.00
# Visual Studio Version 17
VisualStudioVersion = 17.5.002.0
MinimumVisualStudioVersion = 10.0.40219.1
Project("{9A19103F-16F7-4668-BE54-9A1E7A4F7556}") = "event-global-subject", "event-global-subject.csproj", "{0B333304-CDC6-4AFB-8D95-C5D7DE49A8CA}"
EndProject
Global
	GlobalSection(SolutionConfigurationPlatforms) = preSolution
		Debug|Any CPU = Debug|Any CPU
		Release|Any CPU = Release|Any CPU
	EndGlobalSection
	GlobalSection(ProjectConfigurationPlatforms) = postSolution
		{0B333304-CDC6-4AFB-8D95-C5D7DE49A8CA}.Debug|Any CPU.ActiveCfg = Debug|Any CPU
		{0B333304-CDC6-4AFB-8D95-C5D7DE49A8CA}.Debug|Any CPU.Build.0 = Debug|Any CPU
		{0B333304-CDC6-4AFB-8D95-C5D7DE49A8CA}.Release|Any CPU.ActiveCfg = Release|Any CPU
		{0B333304-CDC6-4AFB-8D95-C5D7DE49A8CA}.Release|Any CPU.Build.0 = Release|Any CPU
	EndGlobalSection
	GlobalSection(SolutionProperties) = preSolution
		HideSolutionNode = FALSE
	EndGlobalSection
	GlobalSection(ExtensibilityGlobals) = postSolution
		SolutionGuid = {860E12BD-D170-4DC9-ABA1-8AEBB891477B}
	EndGlobalSection
EndGlobal
