Microsoft Visual Studio Solution File, Format Version 12.00
# Visual Studio Version 17
VisualStudioVersion = 17.5.2.0
MinimumVisualStudioVersion = 10.0.40219.1
Project("{FAE04EC0-301F-11D3-BF4B-00C04F79EFBC}") = "component-1", "component-1.csproj", "{6DE940BA-BC4F-8C35-6BC7-91FB1B296E15}"
EndProject
Global
	GlobalSection(SolutionConfigurationPlatforms) = preSolution
		Debug|Any CPU = Debug|Any CPU
		Release|Any CPU = Release|Any CPU
	EndGlobalSection
	GlobalSection(ProjectConfigurationPlatforms) = postSolution
		{6DE940BA-BC4F-8C35-6BC7-91FB1B296E15}.Debug|Any CPU.ActiveCfg = Debug|Any CPU
		{6DE940BA-BC4F-8C35-6BC7-91FB1B296E15}.Debug|Any CPU.Build.0 = Debug|Any CPU
		{6DE940BA-BC4F-8C35-6BC7-91FB1B296E15}.Release|Any CPU.ActiveCfg = Release|Any CPU
		{6DE940BA-BC4F-8C35-6BC7-91FB1B296E15}.Release|Any CPU.Build.0 = Release|Any CPU
	EndGlobalSection
	GlobalSection(SolutionProperties) = preSolution
		HideSolutionNode = FALSE
	EndGlobalSection
	GlobalSection(ExtensibilityGlobals) = postSolution
		SolutionGuid = {976A9C22-46CC-46BE-9F7C-F7F0D5A75F3F}
	EndGlobalSection
EndGlobal
