
Microsoft Visual Studio Solution File, Format Version 12.00
# Visual Studio Version 17
VisualStudioVersion = 17.5.002.0
MinimumVisualStudioVersion = 10.0.40219.1
Project("{9A19103F-16F7-4668-BE54-9A1E7A4F7556}") = "sse", "sse.csproj", "{F688D32A-78A1-4F19-AC33-6F9181074B14}"
EndProject
Global
	GlobalSection(SolutionConfigurationPlatforms) = preSolution
		Debug|Any CPU = Debug|Any CPU
		Release|Any CPU = Release|Any CPU
	EndGlobalSection
	GlobalSection(ProjectConfigurationPlatforms) = postSolution
		{F688D32A-78A1-4F19-AC33-6F9181074B14}.Debug|Any CPU.ActiveCfg = Debug|Any CPU
		{F688D32A-78A1-4F19-AC33-6F9181074B14}.Debug|Any CPU.Build.0 = Debug|Any CPU
		{F688D32A-78A1-4F19-AC33-6F9181074B14}.Release|Any CPU.ActiveCfg = Release|Any CPU
		{F688D32A-78A1-4F19-AC33-6F9181074B14}.Release|Any CPU.Build.0 = Release|Any CPU
	EndGlobalSection
	GlobalSection(SolutionProperties) = preSolution
		HideSolutionNode = FALSE
	EndGlobalSection
	GlobalSection(ExtensibilityGlobals) = postSolution
		SolutionGuid = {5453C324-BECC-4693-8651-FC5A83EB6B99}
	EndGlobalSection
EndGlobal
