Microsoft Visual Studio Solution File, Format Version 12.00
# Visual Studio Version 17
VisualStudioVersion = 17.5.2.0
MinimumVisualStudioVersion = 10.0.40219.1
Project("{FAE04EC0-301F-11D3-BF4B-00C04F79EFBC}") = "open-api-9", "open-api-9.csproj", "{BC072E34-D8AB-295D-3EBD-703BB465FB9D}"
EndProject
Global
	GlobalSection(SolutionConfigurationPlatforms) = preSolution
		Debug|Any CPU = Debug|Any CPU
		Release|Any CPU = Release|Any CPU
	EndGlobalSection
	GlobalSection(ProjectConfigurationPlatforms) = postSolution
		{BC072E34-D8AB-295D-3EBD-703BB465FB9D}.Debug|Any CPU.ActiveCfg = Debug|Any CPU
		{BC072E34-D8AB-295D-3EBD-703BB465FB9D}.Debug|Any CPU.Build.0 = Debug|Any CPU
		{BC072E34-D8AB-295D-3EBD-703BB465FB9D}.Release|Any CPU.ActiveCfg = Release|Any CPU
		{BC072E34-D8AB-295D-3EBD-703BB465FB9D}.Release|Any CPU.Build.0 = Release|Any CPU
	EndGlobalSection
	GlobalSection(SolutionProperties) = preSolution
		HideSolutionNode = FALSE
	EndGlobalSection
	GlobalSection(ExtensibilityGlobals) = postSolution
		SolutionGuid = {241D2B4C-8BC7-4171-8986-A0994F48440B}
	EndGlobalSection
EndGlobal
