
Microsoft Visual Studio Solution File, Format Version 12.00
# Visual Studio Version 17
VisualStudioVersion = 17.5.002.0
MinimumVisualStudioVersion = 10.0.40219.1
Project("{9A19103F-16F7-4668-BE54-9A1E7A4F7556}") = "header-hx-trigger-2", "header-hx-trigger-2.csproj", "{A156188D-B2EB-4287-BCBB-18F172DAD7CB}"
EndProject
Global
	GlobalSection(SolutionConfigurationPlatforms) = preSolution
		Debug|Any CPU = Debug|Any CPU
		Release|Any CPU = Release|Any CPU
	EndGlobalSection
	GlobalSection(ProjectConfigurationPlatforms) = postSolution
		{A156188D-B2EB-4287-BCBB-18F172DAD7CB}.Debug|Any CPU.ActiveCfg = Debug|Any CPU
		{A156188D-B2EB-4287-BCBB-18F172DAD7CB}.Debug|Any CPU.Build.0 = Debug|Any CPU
		{A156188D-B2EB-4287-BCBB-18F172DAD7CB}.Release|Any CPU.ActiveCfg = Release|Any CPU
		{A156188D-B2EB-4287-BCBB-18F172DAD7CB}.Release|Any CPU.Build.0 = Release|Any CPU
	EndGlobalSection
	GlobalSection(SolutionProperties) = preSolution
		HideSolutionNode = FALSE
	EndGlobalSection
	GlobalSection(ExtensibilityGlobals) = postSolution
		SolutionGuid = {BB9EBD12-9613-423B-8586-FAFF6B28005A}
	EndGlobalSection
EndGlobal
