Microsoft Visual Studio Solution File, Format Version 12.00
# Visual Studio Version 17
VisualStudioVersion = 17.5.2.0
MinimumVisualStudioVersion = 10.0.40219.1
Project("{FAE04EC0-301F-11D3-BF4B-00C04F79EFBC}") = "data-effect", "data-effect.csproj", "{20A026CC-BDF6-7137-8A0B-31B5F740CE29}"
EndProject
Global
	GlobalSection(SolutionConfigurationPlatforms) = preSolution
		Debug|Any CPU = Debug|Any CPU
		Release|Any CPU = Release|Any CPU
	EndGlobalSection
	GlobalSection(ProjectConfigurationPlatforms) = postSolution
		{20A026CC-BDF6-7137-8A0B-31B5F740CE29}.Debug|Any CPU.ActiveCfg = Debug|Any CPU
		{20A026CC-BDF6-7137-8A0B-31B5F740CE29}.Debug|Any CPU.Build.0 = Debug|Any CPU
		{20A026CC-BDF6-7137-8A0B-31B5F740CE29}.Release|Any CPU.ActiveCfg = Release|Any CPU
		{20A026CC-BDF6-7137-8A0B-31B5F740CE29}.Release|Any CPU.Build.0 = Release|Any CPU
	EndGlobalSection
	GlobalSection(SolutionProperties) = preSolution
		HideSolutionNode = FALSE
	EndGlobalSection
	GlobalSection(ExtensibilityGlobals) = postSolution
		SolutionGuid = {AA2313B5-8AE6-45C4-B28D-D462F1B1D5BC}
	EndGlobalSection
EndGlobal
