
Microsoft Visual Studio Solution File, Format Version 12.00
# Visual Studio Version 17
VisualStudioVersion = 17.5.002.0
MinimumVisualStudioVersion = 10.0.40219.1
Project("{9A19103F-16F7-4668-BE54-9A1E7A4F7556}") = "header-hx-trigger-4", "header-hx-trigger-4.csproj", "{12E9C364-9310-4453-9943-B583DEED08D4}"
EndProject
Global
	GlobalSection(SolutionConfigurationPlatforms) = preSolution
		Debug|Any CPU = Debug|Any CPU
		Release|Any CPU = Release|Any CPU
	EndGlobalSection
	GlobalSection(ProjectConfigurationPlatforms) = postSolution
		{12E9C364-9310-4453-9943-B583DEED08D4}.Debug|Any CPU.ActiveCfg = Debug|Any CPU
		{12E9C364-9310-4453-9943-B583DEED08D4}.Debug|Any CPU.Build.0 = Debug|Any CPU
		{12E9C364-9310-4453-9943-B583DEED08D4}.Release|Any CPU.ActiveCfg = Release|Any CPU
		{12E9C364-9310-4453-9943-B583DEED08D4}.Release|Any CPU.Build.0 = Release|Any CPU
	EndGlobalSection
	GlobalSection(SolutionProperties) = preSolution
		HideSolutionNode = FALSE
	EndGlobalSection
	GlobalSection(ExtensibilityGlobals) = postSolution
		SolutionGuid = {8353F27C-1554-4B4F-89FD-4D6FDE9C757D}
	EndGlobalSection
EndGlobal
