
Microsoft Visual Studio Solution File, Format Version 12.00
# Visual Studio Version 17
VisualStudioVersion = 17.5.002.0
MinimumVisualStudioVersion = 10.0.40219.1
Project("{9A19103F-16F7-4668-BE54-9A1E7A4F7556}") = "typed-results-2", "typed-results-2.csproj", "{765B8E83-FA40-4D3D-BA9B-03E75FF371EA}"
EndProject
Global
	GlobalSection(SolutionConfigurationPlatforms) = preSolution
		Debug|Any CPU = Debug|Any CPU
		Release|Any CPU = Release|Any CPU
	EndGlobalSection
	GlobalSection(ProjectConfigurationPlatforms) = postSolution
		{765B8E83-FA40-4D3D-BA9B-03E75FF371EA}.Debug|Any CPU.ActiveCfg = Debug|Any CPU
		{765B8E83-FA40-4D3D-BA9B-03E75FF371EA}.Debug|Any CPU.Build.0 = Debug|Any CPU
		{765B8E83-FA40-4D3D-BA9B-03E75FF371EA}.Release|Any CPU.ActiveCfg = Release|Any CPU
		{765B8E83-FA40-4D3D-BA9B-03E75FF371EA}.Release|Any CPU.Build.0 = Release|Any CPU
	EndGlobalSection
	GlobalSection(SolutionProperties) = preSolution
		HideSolutionNode = FALSE
	EndGlobalSection
	GlobalSection(ExtensibilityGlobals) = postSolution
		SolutionGuid = {E1B576F2-2AC7-49E9-839E-88E98D533F3A}
	EndGlobalSection
EndGlobal
