Microsoft Visual Studio Solution File, Format Version 12.00
# Visual Studio Version 17
VisualStudioVersion = 17.5.2.0
MinimumVisualStudioVersion = 10.0.40219.1
Project("{FAE04EC0-301F-11D3-BF4B-00C04F79EFBC}") = "open-api-11", "open-api-11.csproj", "{ADF7EEA9-1A47-9C69-8D96-A24FE3E64CD7}"
EndProject
Global
	GlobalSection(SolutionConfigurationPlatforms) = preSolution
		Debug|Any CPU = Debug|Any CPU
		Release|Any CPU = Release|Any CPU
	EndGlobalSection
	GlobalSection(ProjectConfigurationPlatforms) = postSolution
		{ADF7EEA9-1A47-9C69-8D96-A24FE3E64CD7}.Debug|Any CPU.ActiveCfg = Debug|Any CPU
		{ADF7EEA9-1A47-9C69-8D96-A24FE3E64CD7}.Debug|Any CPU.Build.0 = Debug|Any CPU
		{ADF7EEA9-1A47-9C69-8D96-A24FE3E64CD7}.Release|Any CPU.ActiveCfg = Release|Any CPU
		{ADF7EEA9-1A47-9C69-8D96-A24FE3E64CD7}.Release|Any CPU.Build.0 = Release|Any CPU
	EndGlobalSection
	GlobalSection(SolutionProperties) = preSolution
		HideSolutionNode = FALSE
	EndGlobalSection
	GlobalSection(ExtensibilityGlobals) = postSolution
		SolutionGuid = {488EEBE8-DFCD-4639-880B-50EE5D2789A1}
	EndGlobalSection
EndGlobal
