
Microsoft Visual Studio Solution File, Format Version 12.00
# Visual Studio Version 17
VisualStudioVersion = 17.5.002.0
MinimumVisualStudioVersion = 10.0.40219.1
Project("{9A19103F-16F7-4668-BE54-9A1E7A4F7556}") = "up-target-2", "up-target-2.csproj", "{9E332BD6-6E0F-4520-9054-35ECBD8D55BB}"
EndProject
Global
	GlobalSection(SolutionConfigurationPlatforms) = preSolution
		Debug|Any CPU = Debug|Any CPU
		Release|Any CPU = Release|Any CPU
	EndGlobalSection
	GlobalSection(ProjectConfigurationPlatforms) = postSolution
		{9E332BD6-6E0F-4520-9054-35ECBD8D55BB}.Debug|Any CPU.ActiveCfg = Debug|Any CPU
		{9E332BD6-6E0F-4520-9054-35ECBD8D55BB}.Debug|Any CPU.Build.0 = Debug|Any CPU
		{9E332BD6-6E0F-4520-9054-35ECBD8D55BB}.Release|Any CPU.ActiveCfg = Release|Any CPU
		{9E332BD6-6E0F-4520-9054-35ECBD8D55BB}.Release|Any CPU.Build.0 = Release|Any CPU
	EndGlobalSection
	GlobalSection(SolutionProperties) = preSolution
		HideSolutionNode = FALSE
	EndGlobalSection
	GlobalSection(ExtensibilityGlobals) = postSolution
		SolutionGuid = {944EE2BE-45FC-430A-8DD1-3789F516B154}
	EndGlobalSection
EndGlobal
