Microsoft Visual Studio Solution File, Format Version 12.00
# Visual Studio Version 17
VisualStudioVersion = 17.5.2.0
MinimumVisualStudioVersion = 10.0.40219.1
Project("{FAE04EC0-301F-11D3-BF4B-00C04F79EFBC}") = "data-patch-elements-outer", "data-patch-elements-outer.csproj", "{D0F07E4B-338A-3EF5-9A0C-40B5F133BFE1}"
EndProject
Global
	GlobalSection(SolutionConfigurationPlatforms) = preSolution
		Debug|Any CPU = Debug|Any CPU
		Release|Any CPU = Release|Any CPU
	EndGlobalSection
	GlobalSection(ProjectConfigurationPlatforms) = postSolution
		{D0F07E4B-338A-3EF5-9A0C-40B5F133BFE1}.Debug|Any CPU.ActiveCfg = Debug|Any CPU
		{D0F07E4B-338A-3EF5-9A0C-40B5F133BFE1}.Debug|Any CPU.Build.0 = Debug|Any CPU
		{D0F07E4B-338A-3EF5-9A0C-40B5F133BFE1}.Release|Any CPU.ActiveCfg = Release|Any CPU
		{D0F07E4B-338A-3EF5-9A0C-40B5F133BFE1}.Release|Any CPU.Build.0 = Release|Any CPU
	EndGlobalSection
	GlobalSection(SolutionProperties) = preSolution
		HideSolutionNode = FALSE
	EndGlobalSection
	GlobalSection(ExtensibilityGlobals) = postSolution
		SolutionGuid = {C6FDD6DD-668F-4B5A-8502-0A8A23108E93}
	EndGlobalSection
EndGlobal
