
Microsoft Visual Studio Solution File, Format Version 12.00
# Visual Studio Version 17
VisualStudioVersion = 17.5.002.0
MinimumVisualStudioVersion = 10.0.40219.1
Project("{9A19103F-16F7-4668-BE54-9A1E7A4F7556}") = "trigger-load-2", "trigger-load-2.csproj", "{25128269-31E3-44F8-8BF2-75B7E26205C5}"
EndProject
Global
	GlobalSection(SolutionConfigurationPlatforms) = preSolution
		Debug|Any CPU = Debug|Any CPU
		Release|Any CPU = Release|Any CPU
	EndGlobalSection
	GlobalSection(ProjectConfigurationPlatforms) = postSolution
		{25128269-31E3-44F8-8BF2-75B7E26205C5}.Debug|Any CPU.ActiveCfg = Debug|Any CPU
		{25128269-31E3-44F8-8BF2-75B7E26205C5}.Debug|Any CPU.Build.0 = Debug|Any CPU
		{25128269-31E3-44F8-8BF2-75B7E26205C5}.Release|Any CPU.ActiveCfg = Release|Any CPU
		{25128269-31E3-44F8-8BF2-75B7E26205C5}.Release|Any CPU.Build.0 = Release|Any CPU
	EndGlobalSection
	GlobalSection(SolutionProperties) = preSolution
		HideSolutionNode = FALSE
	EndGlobalSection
	GlobalSection(ExtensibilityGlobals) = postSolution
		SolutionGuid = {21B3E906-6BB9-4A0C-A78E-013498E936CF}
	EndGlobalSection
EndGlobal
