
Microsoft Visual Studio Solution File, Format Version 12.00
# Visual Studio Version 17
VisualStudioVersion = 17.5.002.0
MinimumVisualStudioVersion = 10.0.40219.1
Project("{9A19103F-16F7-4668-BE54-9A1E7A4F7556}") = "boost", "boost.csproj", "{B5ADE241-5FAC-4F89-953A-A61B2F6A83F1}"
EndProject
Global
	GlobalSection(SolutionConfigurationPlatforms) = preSolution
		Debug|Any CPU = Debug|Any CPU
		Release|Any CPU = Release|Any CPU
	EndGlobalSection
	GlobalSection(ProjectConfigurationPlatforms) = postSolution
		{B5ADE241-5FAC-4F89-953A-A61B2F6A83F1}.Debug|Any CPU.ActiveCfg = Debug|Any CPU
		{B5ADE241-5FAC-4F89-953A-A61B2F6A83F1}.Debug|Any CPU.Build.0 = Debug|Any CPU
		{B5ADE241-5FAC-4F89-953A-A61B2F6A83F1}.Release|Any CPU.ActiveCfg = Release|Any CPU
		{B5ADE241-5FAC-4F89-953A-A61B2F6A83F1}.Release|Any CPU.Build.0 = Release|Any CPU
	EndGlobalSection
	GlobalSection(SolutionProperties) = preSolution
		HideSolutionNode = FALSE
	EndGlobalSection
	GlobalSection(ExtensibilityGlobals) = postSolution
		SolutionGuid = {BDCDB4ED-31A2-432B-81D3-51E2E2EDC2F8}
	EndGlobalSection
EndGlobal
