Microsoft Visual Studio Solution File, Format Version 12.00
# Visual Studio Version 17
VisualStudioVersion = 17.5.2.0
MinimumVisualStudioVersion = 10.0.40219.1
Project("{FAE04EC0-301F-11D3-BF4B-00C04F79EFBC}") = "logging-5", "logging-5.csproj", "{7E2F4271-AF61-CD47-D1E0-89E66ECCC4AB}"
EndProject
Global
	GlobalSection(SolutionConfigurationPlatforms) = preSolution
		Debug|Any CPU = Debug|Any CPU
		Release|Any CPU = Release|Any CPU
	EndGlobalSection
	GlobalSection(ProjectConfigurationPlatforms) = postSolution
		{7E2F4271-AF61-CD47-D1E0-89E66ECCC4AB}.Debug|Any CPU.ActiveCfg = Debug|Any CPU
		{7E2F4271-AF61-CD47-D1E0-89E66ECCC4AB}.Debug|Any CPU.Build.0 = Debug|Any CPU
		{7E2F4271-AF61-CD47-D1E0-89E66ECCC4AB}.Release|Any CPU.ActiveCfg = Release|Any CPU
		{7E2F4271-AF61-CD47-D1E0-89E66ECCC4AB}.Release|Any CPU.Build.0 = Release|Any CPU
	EndGlobalSection
	GlobalSection(SolutionProperties) = preSolution
		HideSolutionNode = FALSE
	EndGlobalSection
	GlobalSection(ExtensibilityGlobals) = postSolution
		SolutionGuid = {7B859DFE-4713-4799-9445-9EB25E2A6709}
	EndGlobalSection
EndGlobal
