Microsoft Visual Studio Solution File, Format Version 12.00
# Visual Studio Version 17
VisualStudioVersion = 17.5.2.0
MinimumVisualStudioVersion = 10.0.40219.1
Project("{FAE04EC0-301F-11D3-BF4B-00C04F79EFBC}") = "backend-patch-signals-2", "backend-patch-signals-2.csproj", "{A22B75CA-CA14-AC5D-CDC9-6AF2B01ED74F}"
EndProject
Global
	GlobalSection(SolutionConfigurationPlatforms) = preSolution
		Debug|Any CPU = Debug|Any CPU
		Release|Any CPU = Release|Any CPU
	EndGlobalSection
	GlobalSection(ProjectConfigurationPlatforms) = postSolution
		{A22B75CA-CA14-AC5D-CDC9-6AF2B01ED74F}.Debug|Any CPU.ActiveCfg = Debug|Any CPU
		{A22B75CA-CA14-AC5D-CDC9-6AF2B01ED74F}.Debug|Any CPU.Build.0 = Debug|Any CPU
		{A22B75CA-CA14-AC5D-CDC9-6AF2B01ED74F}.Release|Any CPU.ActiveCfg = Release|Any CPU
		{A22B75CA-CA14-AC5D-CDC9-6AF2B01ED74F}.Release|Any CPU.Build.0 = Release|Any CPU
	EndGlobalSection
	GlobalSection(SolutionProperties) = preSolution
		HideSolutionNode = FALSE
	EndGlobalSection
	GlobalSection(ExtensibilityGlobals) = postSolution
		SolutionGuid = {619CD6D3-D5B0-4AAF-ADF2-058F9C5D8FFC}
	EndGlobalSection
EndGlobal
