
Microsoft Visual Studio Solution File, Format Version 12.00
# Visual Studio Version 17
VisualStudioVersion = 17.5.002.0
MinimumVisualStudioVersion = 10.0.40219.1
Project("{9A19103F-16F7-4668-BE54-9A1E7A4F7556}") = "open-api-3", "open-api-3.csproj", "{A79A546B-8EB4-4C66-AE67-6BF3A3D55CFC}"
EndProject
Global
	GlobalSection(SolutionConfigurationPlatforms) = preSolution
		Debug|Any CPU = Debug|Any CPU
		Release|Any CPU = Release|Any CPU
	EndGlobalSection
	GlobalSection(ProjectConfigurationPlatforms) = postSolution
		{A79A546B-8EB4-4C66-AE67-6BF3A3D55CFC}.Debug|Any CPU.ActiveCfg = Debug|Any CPU
		{A79A546B-8EB4-4C66-AE67-6BF3A3D55CFC}.Debug|Any CPU.Build.0 = Debug|Any CPU
		{A79A546B-8EB4-4C66-AE67-6BF3A3D55CFC}.Release|Any CPU.ActiveCfg = Release|Any CPU
		{A79A546B-8EB4-4C66-AE67-6BF3A3D55CFC}.Release|Any CPU.Build.0 = Release|Any CPU
	EndGlobalSection
	GlobalSection(SolutionProperties) = preSolution
		HideSolutionNode = FALSE
	EndGlobalSection
	GlobalSection(ExtensibilityGlobals) = postSolution
		SolutionGuid = {597645EA-4A9D-49D3-80A0-EA3CFA04E687}
	EndGlobalSection
EndGlobal
