
Microsoft Visual Studio Solution File, Format Version 12.00
# Visual Studio Version 17
VisualStudioVersion = 17.5.002.0
MinimumVisualStudioVersion = 10.0.40219.1
Project("{9A19103F-16F7-4668-BE54-9A1E7A4F7556}") = "hx-prompt", "hx-prompt.csproj", "{CED5ACD5-68AE-4817-A185-CFBC1E2CD91C}"
EndProject
Global
	GlobalSection(SolutionConfigurationPlatforms) = preSolution
		Debug|Any CPU = Debug|Any CPU
		Release|Any CPU = Release|Any CPU
	EndGlobalSection
	GlobalSection(ProjectConfigurationPlatforms) = postSolution
		{CED5ACD5-68AE-4817-A185-CFBC1E2CD91C}.Debug|Any CPU.ActiveCfg = Debug|Any CPU
		{CED5ACD5-68AE-4817-A185-CFBC1E2CD91C}.Debug|Any CPU.Build.0 = Debug|Any CPU
		{CED5ACD5-68AE-4817-A185-CFBC1E2CD91C}.Release|Any CPU.ActiveCfg = Release|Any CPU
		{CED5ACD5-68AE-4817-A185-CFBC1E2CD91C}.Release|Any CPU.Build.0 = Release|Any CPU
	EndGlobalSection
	GlobalSection(SolutionProperties) = preSolution
		HideSolutionNode = FALSE
	EndGlobalSection
	GlobalSection(ExtensibilityGlobals) = postSolution
		SolutionGuid = {05A9DDF3-4C38-461C-9A22-EE4EC78334D0}
	EndGlobalSection
EndGlobal
