Microsoft Visual Studio Solution File, Format Version 12.00
# Visual Studio Version 17
VisualStudioVersion = 17.5.2.0
MinimumVisualStudioVersion = 10.0.40219.1
Project("{FAE04EC0-301F-11D3-BF4B-00C04F79EFBC}") = "backend-patch-signals", "backend-patch-signals.csproj", "{7AEA5F5E-D965-CC15-220A-1B4698A50F4F}"
EndProject
Global
	GlobalSection(SolutionConfigurationPlatforms) = preSolution
		Debug|Any CPU = Debug|Any CPU
		Release|Any CPU = Release|Any CPU
	EndGlobalSection
	GlobalSection(ProjectConfigurationPlatforms) = postSolution
		{7AEA5F5E-D965-CC15-220A-1B4698A50F4F}.Debug|Any CPU.ActiveCfg = Debug|Any CPU
		{7AEA5F5E-D965-CC15-220A-1B4698A50F4F}.Debug|Any CPU.Build.0 = Debug|Any CPU
		{7AEA5F5E-D965-CC15-220A-1B4698A50F4F}.Release|Any CPU.ActiveCfg = Release|Any CPU
		{7AEA5F5E-D965-CC15-220A-1B4698A50F4F}.Release|Any CPU.Build.0 = Release|Any CPU
	EndGlobalSection
	GlobalSection(SolutionProperties) = preSolution
		HideSolutionNode = FALSE
	EndGlobalSection
	GlobalSection(ExtensibilityGlobals) = postSolution
		SolutionGuid = {8AA8C9D7-A13C-4CC0-960E-680A6D5E6224}
	EndGlobalSection
EndGlobal
