Microsoft Visual Studio Solution File, Format Version 12.00
# Visual Studio Version 17
VisualStudioVersion = 17.5.2.0
MinimumVisualStudioVersion = 10.0.40219.1
Project("{FAE04EC0-301F-11D3-BF4B-00C04F79EFBC}") = "data-style", "data-style.csproj", "{9C0931EA-E0B8-38F6-8B84-ADB2A6AA73EE}"
EndProject
Global
	GlobalSection(SolutionConfigurationPlatforms) = preSolution
		Debug|Any CPU = Debug|Any CPU
		Release|Any CPU = Release|Any CPU
	EndGlobalSection
	GlobalSection(ProjectConfigurationPlatforms) = postSolution
		{9C0931EA-E0B8-38F6-8B84-ADB2A6AA73EE}.Debug|Any CPU.ActiveCfg = Debug|Any CPU
		{9C0931EA-E0B8-38F6-8B84-ADB2A6AA73EE}.Debug|Any CPU.Build.0 = Debug|Any CPU
		{9C0931EA-E0B8-38F6-8B84-ADB2A6AA73EE}.Release|Any CPU.ActiveCfg = Release|Any CPU
		{9C0931EA-E0B8-38F6-8B84-ADB2A6AA73EE}.Release|Any CPU.Build.0 = Release|Any CPU
	EndGlobalSection
	GlobalSection(SolutionProperties) = preSolution
		HideSolutionNode = FALSE
	EndGlobalSection
	GlobalSection(ExtensibilityGlobals) = postSolution
		SolutionGuid = {EB9ECD10-D9BE-4741-87E5-8E0A1B5C14C2}
	EndGlobalSection
EndGlobal
